
Microsoft Visual Studio Solution File, Format Version 12.00
# Visual Studio Version 16
VisualStudioVersion = 16.0.31321.278
MinimumVisualStudioVersion = 10.0.40219.1
Project("{FAE04EC0-301F-11D3-BF4B-00C04F79EFBC}") = "CatalogoApi2", "CatalogoApi2\CatalogoApi2.csproj", "{B3524B84-2E2B-4570-8FA8-1242BD765908}"
EndProject
Global
	GlobalSection(SolutionConfigurationPlatforms) = preSolution
		Debug|Any CPU = Debug|Any CPU
		Release|Any CPU = Release|Any CPU
	EndGlobalSection
	GlobalSection(ProjectConfigurationPlatforms) = postSolution
		{B3524B84-2E2B-4570-8FA8-1242BD765908}.Debug|Any CPU.ActiveCfg = Debug|Any CPU
		{B3524B84-2E2B-4570-8FA8-1242BD765908}.Debug|Any CPU.Build.0 = Debug|Any CPU
		{B3524B84-2E2B-4570-8FA8-1242BD765908}.Release|Any CPU.ActiveCfg = Release|Any CPU
		{B3524B84-2E2B-4570-8FA8-1242BD765908}.Release|Any CPU.Build.0 = Release|Any CPU
	EndGlobalSection
	GlobalSection(SolutionProperties) = preSolution
		HideSolutionNode = FALSE
	EndGlobalSection
	GlobalSection(ExtensibilityGlobals) = postSolution
		SolutionGuid = {BEABE38D-8C3B-41EC-A75F-3AFAD95013D9}
	EndGlobalSection
EndGlobal
